
Microsoft Visual Studio Solution File, Format Version 12.00
# Visual Studio 15
VisualStudioVersion = 15.0.28307.168
MinimumVisualStudioVersion = 10.0.40219.1
Project("{FAE04EC0-301F-11D3-BF4B-00C04F79EFBC}") = "NalkaTools", "NalkaTools\NalkaTools.csproj", "{84BFE3FA-96A7-4013-83AF-1FC150000C66}"
EndProject
Global
	GlobalSection(SolutionConfigurationPlatforms) = preSolution
		Debug|Any CPU = Debug|Any CPU
		Release|Any CPU = Release|Any CPU
	EndGlobalSection
	GlobalSection(ProjectConfigurationPlatforms) = postSolution
		{84BFE3FA-96A7-4013-83AF-1FC150000C66}.Debug|Any CPU.ActiveCfg = Debug|Any CPU
		{84BFE3FA-96A7-4013-83AF-1FC150000C66}.Debug|Any CPU.Build.0 = Debug|Any CPU
		{84BFE3FA-96A7-4013-83AF-1FC150000C66}.Release|Any CPU.ActiveCfg = Release|Any CPU
		{84BFE3FA-96A7-4013-83AF-1FC150000C66}.Release|Any CPU.Build.0 = Release|Any CPU
	EndGlobalSection
	GlobalSection(SolutionProperties) = preSolution
		HideSolutionNode = FALSE
	EndGlobalSection
	GlobalSection(ExtensibilityGlobals) = postSolution
		SolutionGuid = {C393CC10-F645-46F2-9D26-D974603B987C}
	EndGlobalSection
EndGlobal
